
Microsoft Visual Studio Solution File, Format Version 12.00
# Visual Studio 2012
Project("{FAE04EC0-301F-11D3-BF4B-00C04F79EFBC}") = "SignInApp", "SignInApp.csproj", "{AD9637E2-BC66-48CF-AFEF-AAE2454413EF}"
EndProject
Project("{FAE04EC0-301F-11D3-BF4B-00C04F79EFBC}") = "Concepts.Ring8.Polyjuice", "SocietyObjects\Concepts.Ring8.Polyjuice\Concepts.Ring8.Polyjuice.csproj", "{F6EC89A9-75B6-4F3D-BF31-6751705C0EE9}"
EndProject
Global
	GlobalSection(SolutionConfigurationPlatforms) = preSolution
		Debug|x64 = Debug|x64
		Release|x64 = Release|x64
	EndGlobalSection
	GlobalSection(ProjectConfigurationPlatforms) = postSolution
		{AD9637E2-BC66-48CF-AFEF-AAE2454413EF}.Debug|x64.ActiveCfg = Debug|x64
		{AD9637E2-BC66-48CF-AFEF-AAE2454413EF}.Debug|x64.Build.0 = Debug|x64
		{AD9637E2-BC66-48CF-AFEF-AAE2454413EF}.Release|x64.ActiveCfg = Release|x64
		{AD9637E2-BC66-48CF-AFEF-AAE2454413EF}.Release|x64.Build.0 = Release|x64
		{F6EC89A9-75B6-4F3D-BF31-6751705C0EE9}.Debug|x64.ActiveCfg = Debug|x64
		{F6EC89A9-75B6-4F3D-BF31-6751705C0EE9}.Debug|x64.Build.0 = Debug|x64
		{F6EC89A9-75B6-4F3D-BF31-6751705C0EE9}.Release|x64.ActiveCfg = Release|x64
		{F6EC89A9-75B6-4F3D-BF31-6751705C0EE9}.Release|x64.Build.0 = Release|x64
	EndGlobalSection
	GlobalSection(SolutionProperties) = preSolution
		HideSolutionNode = FALSE
	EndGlobalSection
EndGlobal
